
Microsoft Visual Studio Solution File, Format Version 12.00
# Visual Studio Version 17
VisualStudioVersion = 17.0.31903.59
MinimumVisualStudioVersion = 10.0.40219.1
Project("{2150E333-8FDC-42A3-9474-1A3956D46DE8}") = "backend", "backend", "{1AE8ACA6-933B-BF2A-3671-3E2EAC007D16}"
EndProject
Project("{FAE04EC0-301F-11D3-BF4B-00C04F79EFBC}") = "GainsLab.Core", "backend\GainsLab.Core\GainsLab.Core.csproj", "{DD93DE4D-AAF6-49BA-9603-B7B837E19C8F}"
EndProject
Project("{2150E333-8FDC-42A3-9474-1A3956D46DE8}") = "desktop", "desktop", "{7A1224A0-F22D-34FF-DE0A-A058FAFFD90C}"
EndProject
Project("{FAE04EC0-301F-11D3-BF4B-00C04F79EFBC}") = "GainsLab.Editor", "desktop\GainsLab.Editor\GainsLab.Editor.csproj", "{EC2EB2A3-6D37-4D62-8C95-798B16992F48}"
EndProject
Project("{FAE04EC0-301F-11D3-BF4B-00C04F79EFBC}") = "GainsLab.Infrastructure", "backend\GainsLab.Infrastructure\GainsLab.Infrastructure.csproj", "{41727955-1650-442A-BDE2-688645D0452D}"
EndProject
Project("{FAE04EC0-301F-11D3-BF4B-00C04F79EFBC}") = "GainsLab.Contracts", "backend\GainsLab.Contracts\GainsLab.Contracts.csproj", "{8D235E84-4E93-41AA-B265-92E33E053DF1}"
EndProject
Project("{FAE04EC0-301F-11D3-BF4B-00C04F79EFBC}") = "GainsLab.Api", "backend\GainsLab.Api\GainsLab.Api.csproj", "{4856F68F-431C-43AB-8DDF-AF2582523692}"
EndProject
Project("{FAE04EC0-301F-11D3-BF4B-00C04F79EFBC}") = "GainsLab.WebLayer", "web\GainsLab.WebLayer\GainsLab.WebLayer.csproj", "{DB31A407-56B5-4D21-A299-F5B07012490C}"
EndProject
Project("{FAE04EC0-301F-11D3-BF4B-00C04F79EFBC}") = "GainsLab.Domain", "backend\GainsLab.Domain\GainsLab.Domain.csproj", "{0D738E5A-D6BB-450F-ABBB-86A333A85543}"
EndProject
Project("{FAE04EC0-301F-11D3-BF4B-00C04F79EFBC}") = "GainsLab.Application", "backend\GainsLab.Application\GainsLab.Application.csproj", "{3D602336-76A3-4C14-88A8-68038B49F730}"
EndProject
Global
	GlobalSection(SolutionConfigurationPlatforms) = preSolution
		Debug|Any CPU = Debug|Any CPU
		Debug|x64 = Debug|x64
		Debug|x86 = Debug|x86
		Release|Any CPU = Release|Any CPU
		Release|x64 = Release|x64
		Release|x86 = Release|x86
	EndGlobalSection
	GlobalSection(ProjectConfigurationPlatforms) = postSolution
		{DD93DE4D-AAF6-49BA-9603-B7B837E19C8F}.Debug|Any CPU.ActiveCfg = Debug|Any CPU
		{DD93DE4D-AAF6-49BA-9603-B7B837E19C8F}.Debug|Any CPU.Build.0 = Debug|Any CPU
		{DD93DE4D-AAF6-49BA-9603-B7B837E19C8F}.Debug|x64.ActiveCfg = Debug|Any CPU
		{DD93DE4D-AAF6-49BA-9603-B7B837E19C8F}.Debug|x64.Build.0 = Debug|Any CPU
		{DD93DE4D-AAF6-49BA-9603-B7B837E19C8F}.Debug|x86.ActiveCfg = Debug|Any CPU
		{DD93DE4D-AAF6-49BA-9603-B7B837E19C8F}.Debug|x86.Build.0 = Debug|Any CPU
		{DD93DE4D-AAF6-49BA-9603-B7B837E19C8F}.Release|Any CPU.ActiveCfg = Release|Any CPU
		{DD93DE4D-AAF6-49BA-9603-B7B837E19C8F}.Release|Any CPU.Build.0 = Release|Any CPU
		{DD93DE4D-AAF6-49BA-9603-B7B837E19C8F}.Release|x64.ActiveCfg = Release|Any CPU
		{DD93DE4D-AAF6-49BA-9603-B7B837E19C8F}.Release|x64.Build.0 = Release|Any CPU
		{DD93DE4D-AAF6-49BA-9603-B7B837E19C8F}.Release|x86.ActiveCfg = Release|Any CPU
		{DD93DE4D-AAF6-49BA-9603-B7B837E19C8F}.Release|x86.Build.0 = Release|Any CPU
		{EC2EB2A3-6D37-4D62-8C95-798B16992F48}.Debug|Any CPU.ActiveCfg = Debug|Any CPU
		{EC2EB2A3-6D37-4D62-8C95-798B16992F48}.Debug|Any CPU.Build.0 = Debug|Any CPU
		{EC2EB2A3-6D37-4D62-8C95-798B16992F48}.Debug|x64.ActiveCfg = Debug|Any CPU
		{EC2EB2A3-6D37-4D62-8C95-798B16992F48}.Debug|x64.Build.0 = Debug|Any CPU
		{EC2EB2A3-6D37-4D62-8C95-798B16992F48}.Debug|x86.ActiveCfg = Debug|Any CPU
		{EC2EB2A3-6D37-4D62-8C95-798B16992F48}.Debug|x86.Build.0 = Debug|Any CPU
		{EC2EB2A3-6D37-4D62-8C95-798B16992F48}.Release|Any CPU.ActiveCfg = Release|Any CPU
		{EC2EB2A3-6D37-4D62-8C95-798B16992F48}.Release|Any CPU.Build.0 = Release|Any CPU
		{EC2EB2A3-6D37-4D62-8C95-798B16992F48}.Release|x64.ActiveCfg = Release|Any CPU
		{EC2EB2A3-6D37-4D62-8C95-798B16992F48}.Release|x64.Build.0 = Release|Any CPU
		{EC2EB2A3-6D37-4D62-8C95-798B16992F48}.Release|x86.ActiveCfg = Release|Any CPU
		{EC2EB2A3-6D37-4D62-8C95-798B16992F48}.Release|x86.Build.0 = Release|Any CPU
		{41727955-1650-442A-BDE2-688645D0452D}.Debug|Any CPU.ActiveCfg = Debug|Any CPU
		{41727955-1650-442A-BDE2-688645D0452D}.Debug|Any CPU.Build.0 = Debug|Any CPU
		{41727955-1650-442A-BDE2-688645D0452D}.Debug|x64.ActiveCfg = Debug|Any CPU
		{41727955-1650-442A-BDE2-688645D0452D}.Debug|x64.Build.0 = Debug|Any CPU
		{41727955-1650-442A-BDE2-688645D0452D}.Debug|x86.ActiveCfg = Debug|Any CPU
		{41727955-1650-442A-BDE2-688645D0452D}.Debug|x86.Build.0 = Debug|Any CPU
		{41727955-1650-442A-BDE2-688645D0452D}.Release|Any CPU.ActiveCfg = Release|Any CPU
		{41727955-1650-442A-BDE2-688645D0452D}.Release|Any CPU.Build.0 = Release|Any CPU
		{41727955-1650-442A-BDE2-688645D0452D}.Release|x64.ActiveCfg = Release|Any CPU
		{41727955-1650-442A-BDE2-688645D0452D}.Release|x64.Build.0 = Release|Any CPU
		{41727955-1650-442A-BDE2-688645D0452D}.Release|x86.ActiveCfg = Release|Any CPU
		{41727955-1650-442A-BDE2-688645D0452D}.Release|x86.Build.0 = Release|Any CPU
		{8D235E84-4E93-41AA-B265-92E33E053DF1}.Debug|Any CPU.ActiveCfg = Debug|Any CPU
		{8D235E84-4E93-41AA-B265-92E33E053DF1}.Debug|Any CPU.Build.0 = Debug|Any CPU
		{8D235E84-4E93-41AA-B265-92E33E053DF1}.Debug|x64.ActiveCfg = Debug|Any CPU
		{8D235E84-4E93-41AA-B265-92E33E053DF1}.Debug|x64.Build.0 = Debug|Any CPU
		{8D235E84-4E93-41AA-B265-92E33E053DF1}.Debug|x86.ActiveCfg = Debug|Any CPU
		{8D235E84-4E93-41AA-B265-92E33E053DF1}.Debug|x86.Build.0 = Debug|Any CPU
		{8D235E84-4E93-41AA-B265-92E33E053DF1}.Release|Any CPU.ActiveCfg = Release|Any CPU
		{8D235E84-4E93-41AA-B265-92E33E053DF1}.Release|Any CPU.Build.0 = Release|Any CPU
		{8D235E84-4E93-41AA-B265-92E33E053DF1}.Release|x64.ActiveCfg = Release|Any CPU
		{8D235E84-4E93-41AA-B265-92E33E053DF1}.Release|x64.Build.0 = Release|Any CPU
		{8D235E84-4E93-41AA-B265-92E33E053DF1}.Release|x86.ActiveCfg = Release|Any CPU
		{8D235E84-4E93-41AA-B265-92E33E053DF1}.Release|x86.Build.0 = Release|Any CPU
		{4856F68F-431C-43AB-8DDF-AF2582523692}.Debug|Any CPU.ActiveCfg = Debug|Any CPU
		{4856F68F-431C-43AB-8DDF-AF2582523692}.Debug|Any CPU.Build.0 = Debug|Any CPU
		{4856F68F-431C-43AB-8DDF-AF2582523692}.Debug|x64.ActiveCfg = Debug|Any CPU
		{4856F68F-431C-43AB-8DDF-AF2582523692}.Debug|x64.Build.0 = Debug|Any CPU
		{4856F68F-431C-43AB-8DDF-AF2582523692}.Debug|x86.ActiveCfg = Debug|Any CPU
		{4856F68F-431C-43AB-8DDF-AF2582523692}.Debug|x86.Build.0 = Debug|Any CPU
		{4856F68F-431C-43AB-8DDF-AF2582523692}.Release|Any CPU.ActiveCfg = Release|Any CPU
		{4856F68F-431C-43AB-8DDF-AF2582523692}.Release|Any CPU.Build.0 = Release|Any CPU
		{4856F68F-431C-43AB-8DDF-AF2582523692}.Release|x64.ActiveCfg = Release|Any CPU
		{4856F68F-431C-43AB-8DDF-AF2582523692}.Release|x64.Build.0 = Release|Any CPU
		{4856F68F-431C-43AB-8DDF-AF2582523692}.Release|x86.ActiveCfg = Release|Any CPU
		{4856F68F-431C-43AB-8DDF-AF2582523692}.Release|x86.Build.0 = Release|Any CPU
		{DB31A407-56B5-4D21-A299-F5B07012490C}.Debug|Any CPU.ActiveCfg = Debug|Any CPU
		{DB31A407-56B5-4D21-A299-F5B07012490C}.Debug|Any CPU.Build.0 = Debug|Any CPU
		{DB31A407-56B5-4D21-A299-F5B07012490C}.Debug|x64.ActiveCfg = Debug|Any CPU
		{DB31A407-56B5-4D21-A299-F5B07012490C}.Debug|x64.Build.0 = Debug|Any CPU
		{DB31A407-56B5-4D21-A299-F5B07012490C}.Debug|x86.ActiveCfg = Debug|Any CPU
		{DB31A407-56B5-4D21-A299-F5B07012490C}.Debug|x86.Build.0 = Debug|Any CPU
		{DB31A407-56B5-4D21-A299-F5B07012490C}.Release|Any CPU.ActiveCfg = Release|Any CPU
		{DB31A407-56B5-4D21-A299-F5B07012490C}.Release|Any CPU.Build.0 = Release|Any CPU
		{DB31A407-56B5-4D21-A299-F5B07012490C}.Release|x64.ActiveCfg = Release|Any CPU
		{DB31A407-56B5-4D21-A299-F5B07012490C}.Release|x64.Build.0 = Release|Any CPU
		{DB31A407-56B5-4D21-A299-F5B07012490C}.Release|x86.ActiveCfg = Release|Any CPU
		{DB31A407-56B5-4D21-A299-F5B07012490C}.Release|x86.Build.0 = Release|Any CPU
		{0D738E5A-D6BB-450F-ABBB-86A333A85543}.Debug|Any CPU.ActiveCfg = Debug|Any CPU
		{0D738E5A-D6BB-450F-ABBB-86A333A85543}.Debug|Any CPU.Build.0 = Debug|Any CPU
		{0D738E5A-D6BB-450F-ABBB-86A333A85543}.Debug|x64.ActiveCfg = Debug|Any CPU
		{0D738E5A-D6BB-450F-ABBB-86A333A85543}.Debug|x64.Build.0 = Debug|Any CPU
		{0D738E5A-D6BB-450F-ABBB-86A333A85543}.Debug|x86.ActiveCfg = Debug|Any CPU
		{0D738E5A-D6BB-450F-ABBB-86A333A85543}.Debug|x86.Build.0 = Debug|Any CPU
		{0D738E5A-D6BB-450F-ABBB-86A333A85543}.Release|Any CPU.ActiveCfg = Release|Any CPU
		{0D738E5A-D6BB-450F-ABBB-86A333A85543}.Release|Any CPU.Build.0 = Release|Any CPU
		{0D738E5A-D6BB-450F-ABBB-86A333A85543}.Release|x64.ActiveCfg = Release|Any CPU
		{0D738E5A-D6BB-450F-ABBB-86A333A85543}.Release|x64.Build.0 = Release|Any CPU
		{0D738E5A-D6BB-450F-ABBB-86A333A85543}.Release|x86.ActiveCfg = Release|Any CPU
		{0D738E5A-D6BB-450F-ABBB-86A333A85543}.Release|x86.Build.0 = Release|Any CPU
		{3D602336-76A3-4C14-88A8-68038B49F730}.Debug|Any CPU.ActiveCfg = Debug|Any CPU
		{3D602336-76A3-4C14-88A8-68038B49F730}.Debug|Any CPU.Build.0 = Debug|Any CPU
		{3D602336-76A3-4C14-88A8-68038B49F730}.Debug|x64.ActiveCfg = Debug|Any CPU
		{3D602336-76A3-4C14-88A8-68038B49F730}.Debug|x64.Build.0 = Debug|Any CPU
		{3D602336-76A3-4C14-88A8-68038B49F730}.Debug|x86.ActiveCfg = Debug|Any CPU
		{3D602336-76A3-4C14-88A8-68038B49F730}.Debug|x86.Build.0 = Debug|Any CPU
		{3D602336-76A3-4C14-88A8-68038B49F730}.Release|Any CPU.ActiveCfg = Release|Any CPU
		{3D602336-76A3-4C14-88A8-68038B49F730}.Release|Any CPU.Build.0 = Release|Any CPU
		{3D602336-76A3-4C14-88A8-68038B49F730}.Release|x64.ActiveCfg = Release|Any CPU
		{3D602336-76A3-4C14-88A8-68038B49F730}.Release|x64.Build.0 = Release|Any CPU
		{3D602336-76A3-4C14-88A8-68038B49F730}.Release|x86.ActiveCfg = Release|Any CPU
		{3D602336-76A3-4C14-88A8-68038B49F730}.Release|x86.Build.0 = Release|Any CPU
	EndGlobalSection
	GlobalSection(SolutionProperties) = preSolution
		HideSolutionNode = FALSE
	EndGlobalSection
	GlobalSection(NestedProjects) = preSolution
		{DD93DE4D-AAF6-49BA-9603-B7B837E19C8F} = {1AE8ACA6-933B-BF2A-3671-3E2EAC007D16}
		{EC2EB2A3-6D37-4D62-8C95-798B16992F48} = {7A1224A0-F22D-34FF-DE0A-A058FAFFD90C}
		{41727955-1650-442A-BDE2-688645D0452D} = {1AE8ACA6-933B-BF2A-3671-3E2EAC007D16}
		{8D235E84-4E93-41AA-B265-92E33E053DF1} = {1AE8ACA6-933B-BF2A-3671-3E2EAC007D16}
		{4856F68F-431C-43AB-8DDF-AF2582523692} = {1AE8ACA6-933B-BF2A-3671-3E2EAC007D16}
		{0D738E5A-D6BB-450F-ABBB-86A333A85543} = {1AE8ACA6-933B-BF2A-3671-3E2EAC007D16}
		{3D602336-76A3-4C14-88A8-68038B49F730} = {1AE8ACA6-933B-BF2A-3671-3E2EAC007D16}
	EndGlobalSection
EndGlobal
